
Microsoft Visual Studio Solution File, Format Version 12.00
# Visual Studio Version 16
VisualStudioVersion = 16.0.29021.104
MinimumVisualStudioVersion = 10.0.40219.1
Project("{9A19103F-16F7-4668-BE54-9A1E7A4F7556}") = "RestaurantGosse", "RestaurantGosse\RestaurantGosse.csproj", "{700A4D54-5AC2-4549-A825-604067B9C211}"
EndProject
Global
	GlobalSection(SolutionConfigurationPlatforms) = preSolution
		Debug|Any CPU = Debug|Any CPU
		Release|Any CPU = Release|Any CPU
	EndGlobalSection
	GlobalSection(ProjectConfigurationPlatforms) = postSolution
		{700A4D54-5AC2-4549-A825-604067B9C211}.Debug|Any CPU.ActiveCfg = Debug|Any CPU
		{700A4D54-5AC2-4549-A825-604067B9C211}.Debug|Any CPU.Build.0 = Debug|Any CPU
		{700A4D54-5AC2-4549-A825-604067B9C211}.Release|Any CPU.ActiveCfg = Release|Any CPU
		{700A4D54-5AC2-4549-A825-604067B9C211}.Release|Any CPU.Build.0 = Release|Any CPU
	EndGlobalSection
	GlobalSection(SolutionProperties) = preSolution
		HideSolutionNode = FALSE
	EndGlobalSection
	GlobalSection(ExtensibilityGlobals) = postSolution
		SolutionGuid = {070C9862-7319-4396-9B95-477726CB6241}
	EndGlobalSection
EndGlobal
